
Microsoft Visual Studio Solution File, Format Version 12.00
# Visual Studio Version 17
VisualStudioVersion = 17.14.36414.22 d17.14
MinimumVisualStudioVersion = 10.0.40219.1
Project("{FAE04EC0-301F-11D3-BF4B-00C04F79EFBC}") = "RPGProject", "RPGProject.csproj", "{EA3FE6C9-ECC7-4072-A19E-5220F0332121}"
EndProject
Global
	GlobalSection(SolutionConfigurationPlatforms) = preSolution
		Debug|Any CPU = Debug|Any CPU
		Release|Any CPU = Release|Any CPU
	EndGlobalSection
	GlobalSection(ProjectConfigurationPlatforms) = postSolution
		{EA3FE6C9-ECC7-4072-A19E-5220F0332121}.Debug|Any CPU.ActiveCfg = Debug|Any CPU
		{EA3FE6C9-ECC7-4072-A19E-5220F0332121}.Debug|Any CPU.Build.0 = Debug|Any CPU
		{EA3FE6C9-ECC7-4072-A19E-5220F0332121}.Release|Any CPU.ActiveCfg = Release|Any CPU
		{EA3FE6C9-ECC7-4072-A19E-5220F0332121}.Release|Any CPU.Build.0 = Release|Any CPU
	EndGlobalSection
	GlobalSection(SolutionProperties) = preSolution
		HideSolutionNode = FALSE
	EndGlobalSection
	GlobalSection(ExtensibilityGlobals) = postSolution
		SolutionGuid = {24ED640B-0DC5-49F4-93A7-7AE75BA6E2C0}
	EndGlobalSection
EndGlobal
